
Microsoft Visual Studio Solution File, Format Version 12.00
# Visual Studio Version 16
VisualStudioVersion = 16.0.30717.126
MinimumVisualStudioVersion = 10.0.40219.1
Project("{FAE04EC0-301F-11D3-BF4B-00C04F79EFBC}") = "Taskmato-2", "Taskmato-2\Taskmato-2.csproj", "{614FA2F4-A14E-4180-8A79-CA3CA63567B4}"
EndProject
Global
	GlobalSection(SolutionConfigurationPlatforms) = preSolution
		Debug|Any CPU = Debug|Any CPU
		Release|Any CPU = Release|Any CPU
	EndGlobalSection
	GlobalSection(ProjectConfigurationPlatforms) = postSolution
		{614FA2F4-A14E-4180-8A79-CA3CA63567B4}.Debug|Any CPU.ActiveCfg = Debug|Any CPU
		{614FA2F4-A14E-4180-8A79-CA3CA63567B4}.Debug|Any CPU.Build.0 = Debug|Any CPU
		{614FA2F4-A14E-4180-8A79-CA3CA63567B4}.Release|Any CPU.ActiveCfg = Release|Any CPU
		{614FA2F4-A14E-4180-8A79-CA3CA63567B4}.Release|Any CPU.Build.0 = Release|Any CPU
	EndGlobalSection
	GlobalSection(SolutionProperties) = preSolution
		HideSolutionNode = FALSE
	EndGlobalSection
	GlobalSection(ExtensibilityGlobals) = postSolution
		SolutionGuid = {E46D526D-82C6-401F-9DFA-649B1D8F55C1}
	EndGlobalSection
EndGlobal
